
Microsoft Visual Studio Solution File, Format Version 12.00
# Visual Studio Version 17
VisualStudioVersion = 17.0.31903.59
MinimumVisualStudioVersion = 10.0.40219.1
Project("{FAE04EC0-301F-11D3-BF4B-00C04F79EFBC}") = "Api", "src\Api\Api.csproj", "{7D935959-D3BE-4EDC-BAEC-541C72741633}"
EndProject
Project("{FAE04EC0-301F-11D3-BF4B-00C04F79EFBC}") = "Unit.Tests", "tests\Unit.Tests\Unit.Tests.csproj", "{5CB86A4A-162D-4A20-9403-5BB89D671BF6}"
EndProject
Project("{2150E333-8FDC-42A3-9474-1A3956D46DE8}") = "src", "src", "{70E466D8-DB47-42CC-BA2C-FD7CCA908191}"
EndProject
Project("{2150E333-8FDC-42A3-9474-1A3956D46DE8}") = "tests", "tests", "{D37633C3-429C-4A25-9F3F-B199BE2DB55A}"
EndProject
Project("{FAE04EC0-301F-11D3-BF4B-00C04F79EFBC}") = "Database", "src\Database\Database.csproj", "{7697260D-93A7-441A-8E29-8C8171E9F2E2}"
EndProject
Project("{FAE04EC0-301F-11D3-BF4B-00C04F79EFBC}") = "Endpoint.Tests", "tests\Endpoint.Tests\Endpoint.Tests.csproj", "{7BB829F0-BA21-474C-B231-30DFEE054E07}"
EndProject
Project("{FAE04EC0-301F-11D3-BF4B-00C04F79EFBC}") = "Services", "src\Services\Services.csproj", "{600B8BDA-6B00-4E9C-BF17-22FBCCE0F769}"
EndProject
Global
	GlobalSection(SolutionConfigurationPlatforms) = preSolution
		Debug|Any CPU = Debug|Any CPU
		Release|Any CPU = Release|Any CPU
	EndGlobalSection
	GlobalSection(SolutionProperties) = preSolution
		HideSolutionNode = FALSE
	EndGlobalSection
	GlobalSection(ProjectConfigurationPlatforms) = postSolution
		{7D935959-D3BE-4EDC-BAEC-541C72741633}.Debug|Any CPU.ActiveCfg = Debug|Any CPU
		{7D935959-D3BE-4EDC-BAEC-541C72741633}.Debug|Any CPU.Build.0 = Debug|Any CPU
		{7D935959-D3BE-4EDC-BAEC-541C72741633}.Release|Any CPU.ActiveCfg = Release|Any CPU
		{7D935959-D3BE-4EDC-BAEC-541C72741633}.Release|Any CPU.Build.0 = Release|Any CPU
		{5CB86A4A-162D-4A20-9403-5BB89D671BF6}.Debug|Any CPU.ActiveCfg = Debug|Any CPU
		{5CB86A4A-162D-4A20-9403-5BB89D671BF6}.Debug|Any CPU.Build.0 = Debug|Any CPU
		{5CB86A4A-162D-4A20-9403-5BB89D671BF6}.Release|Any CPU.ActiveCfg = Release|Any CPU
		{5CB86A4A-162D-4A20-9403-5BB89D671BF6}.Release|Any CPU.Build.0 = Release|Any CPU
		{7697260D-93A7-441A-8E29-8C8171E9F2E2}.Debug|Any CPU.ActiveCfg = Debug|Any CPU
		{7697260D-93A7-441A-8E29-8C8171E9F2E2}.Debug|Any CPU.Build.0 = Debug|Any CPU
		{7697260D-93A7-441A-8E29-8C8171E9F2E2}.Release|Any CPU.ActiveCfg = Release|Any CPU
		{7697260D-93A7-441A-8E29-8C8171E9F2E2}.Release|Any CPU.Build.0 = Release|Any CPU
		{7BB829F0-BA21-474C-B231-30DFEE054E07}.Debug|Any CPU.ActiveCfg = Debug|Any CPU
		{7BB829F0-BA21-474C-B231-30DFEE054E07}.Debug|Any CPU.Build.0 = Debug|Any CPU
		{7BB829F0-BA21-474C-B231-30DFEE054E07}.Release|Any CPU.ActiveCfg = Release|Any CPU
		{7BB829F0-BA21-474C-B231-30DFEE054E07}.Release|Any CPU.Build.0 = Release|Any CPU
		{600B8BDA-6B00-4E9C-BF17-22FBCCE0F769}.Debug|Any CPU.ActiveCfg = Debug|Any CPU
		{600B8BDA-6B00-4E9C-BF17-22FBCCE0F769}.Debug|Any CPU.Build.0 = Debug|Any CPU
		{600B8BDA-6B00-4E9C-BF17-22FBCCE0F769}.Release|Any CPU.ActiveCfg = Release|Any CPU
		{600B8BDA-6B00-4E9C-BF17-22FBCCE0F769}.Release|Any CPU.Build.0 = Release|Any CPU
	EndGlobalSection
	GlobalSection(NestedProjects) = preSolution
		{7D935959-D3BE-4EDC-BAEC-541C72741633} = {70E466D8-DB47-42CC-BA2C-FD7CCA908191}
		{5CB86A4A-162D-4A20-9403-5BB89D671BF6} = {D37633C3-429C-4A25-9F3F-B199BE2DB55A}
		{7697260D-93A7-441A-8E29-8C8171E9F2E2} = {70E466D8-DB47-42CC-BA2C-FD7CCA908191}
		{7BB829F0-BA21-474C-B231-30DFEE054E07} = {D37633C3-429C-4A25-9F3F-B199BE2DB55A}
		{600B8BDA-6B00-4E9C-BF17-22FBCCE0F769} = {70E466D8-DB47-42CC-BA2C-FD7CCA908191}
	EndGlobalSection
EndGlobal
